
Microsoft Visual Studio Solution File, Format Version 12.00
# Visual Studio Version 17
VisualStudioVersion = 17.8.34511.84
MinimumVisualStudioVersion = 10.0.40219.1
Project("{8BC9CEB8-8B4A-11D0-8D11-00A0C91BC942}") = "PrimerCpp", "PrimerCpp\PrimerCpp.vcxproj", "{994C7D8D-7192-46F5-99DC-DF337CD1301E}"
EndProject
Project("{8BC9CEB8-8B4A-11D0-8D11-00A0C91BC942}") = "PointersArraysStructures", "Pointers\Pointers.vcxproj", "{5DB2615A-F04B-439C-8358-E01F13DFDE4E}"
EndProject
Project("{8BC9CEB8-8B4A-11D0-8D11-00A0C91BC942}") = "TypeDefAndConstant", "TypeDefAndConstant\TypeDefAndConstant.vcxproj", "{16EBB961-78BE-48A3-B067-B0FA29A48EAF}"
EndProject
Project("{8BC9CEB8-8B4A-11D0-8D11-00A0C91BC942}") = "GameEntries", "GameEntries\GameEntries.vcxproj", "{EF352274-319E-4AC4-930C-56B9E71DCF19}"
EndProject
Project("{8BC9CEB8-8B4A-11D0-8D11-00A0C91BC942}") = "InsertionSort", "InsertionSort\InsertionSort.vcxproj", "{D831FDC9-DC60-4185-B3AF-F02C8BFA9B9E}"
EndProject
Project("{8BC9CEB8-8B4A-11D0-8D11-00A0C91BC942}") = "Arrays", "Arrays\Arrays.vcxproj", "{1B041853-A295-4879-865C-10347E2386D8}"
EndProject
Project("{8BC9CEB8-8B4A-11D0-8D11-00A0C91BC942}") = "tic-tac-toe", "tic-tac-toe\tic-tac-toe.vcxproj", "{51B02889-5B2E-4A73-A794-E4B2678FD647}"
EndProject
Project("{8BC9CEB8-8B4A-11D0-8D11-00A0C91BC942}") = "SinglyLinkedList", "SinglyLinkedList\SinglyLinkedList.vcxproj", "{344C894B-DDF4-4874-AAFE-B2E1492D3DC8}"
EndProject
Project("{8BC9CEB8-8B4A-11D0-8D11-00A0C91BC942}") = "GenericSinglyLinkedList", "GenericSinglyLinkedList\GenericSinglyLinkedList.vcxproj", "{9E84222D-C2D4-47AE-AD3A-8EF24C1E01AE}"
EndProject
Project("{8BC9CEB8-8B4A-11D0-8D11-00A0C91BC942}") = "DoublyLinkedLists", "DoublyLinkedLists\DoublyLinkedLists.vcxproj", "{7CDB3890-8606-4B78-A2E1-FE150A64CCC5}"
EndProject
Project("{8BC9CEB8-8B4A-11D0-8D11-00A0C91BC942}") = "CircularlyLinkedList", "CircularlyLinkedList\CircularlyLinkedList.vcxproj", "{51A47215-D52D-495A-B49F-BEED355F857C}"
EndProject
Project("{8BC9CEB8-8B4A-11D0-8D11-00A0C91BC942}") = "Recursion", "Recursion\Recursion.vcxproj", "{E24A1073-812B-4812-A5F3-4BBE9BBEE986}"
EndProject
Global
	GlobalSection(SolutionConfigurationPlatforms) = preSolution
		Debug|x64 = Debug|x64
		Debug|x86 = Debug|x86
		Release|x64 = Release|x64
		Release|x86 = Release|x86
	EndGlobalSection
	GlobalSection(ProjectConfigurationPlatforms) = postSolution
		{994C7D8D-7192-46F5-99DC-DF337CD1301E}.Debug|x64.ActiveCfg = Debug|x64
		{994C7D8D-7192-46F5-99DC-DF337CD1301E}.Debug|x64.Build.0 = Debug|x64
		{994C7D8D-7192-46F5-99DC-DF337CD1301E}.Debug|x86.ActiveCfg = Debug|Win32
		{994C7D8D-7192-46F5-99DC-DF337CD1301E}.Debug|x86.Build.0 = Debug|Win32
		{994C7D8D-7192-46F5-99DC-DF337CD1301E}.Release|x64.ActiveCfg = Release|x64
		{994C7D8D-7192-46F5-99DC-DF337CD1301E}.Release|x64.Build.0 = Release|x64
		{994C7D8D-7192-46F5-99DC-DF337CD1301E}.Release|x86.ActiveCfg = Release|Win32
		{994C7D8D-7192-46F5-99DC-DF337CD1301E}.Release|x86.Build.0 = Release|Win32
		{5DB2615A-F04B-439C-8358-E01F13DFDE4E}.Debug|x64.ActiveCfg = Debug|x64
		{5DB2615A-F04B-439C-8358-E01F13DFDE4E}.Debug|x64.Build.0 = Debug|x64
		{5DB2615A-F04B-439C-8358-E01F13DFDE4E}.Debug|x86.ActiveCfg = Debug|Win32
		{5DB2615A-F04B-439C-8358-E01F13DFDE4E}.Debug|x86.Build.0 = Debug|Win32
		{5DB2615A-F04B-439C-8358-E01F13DFDE4E}.Release|x64.ActiveCfg = Release|x64
		{5DB2615A-F04B-439C-8358-E01F13DFDE4E}.Release|x64.Build.0 = Release|x64
		{5DB2615A-F04B-439C-8358-E01F13DFDE4E}.Release|x86.ActiveCfg = Release|Win32
		{5DB2615A-F04B-439C-8358-E01F13DFDE4E}.Release|x86.Build.0 = Release|Win32
		{16EBB961-78BE-48A3-B067-B0FA29A48EAF}.Debug|x64.ActiveCfg = Debug|x64
		{16EBB961-78BE-48A3-B067-B0FA29A48EAF}.Debug|x64.Build.0 = Debug|x64
		{16EBB961-78BE-48A3-B067-B0FA29A48EAF}.Debug|x86.ActiveCfg = Debug|Win32
		{16EBB961-78BE-48A3-B067-B0FA29A48EAF}.Debug|x86.Build.0 = Debug|Win32
		{16EBB961-78BE-48A3-B067-B0FA29A48EAF}.Release|x64.ActiveCfg = Release|x64
		{16EBB961-78BE-48A3-B067-B0FA29A48EAF}.Release|x64.Build.0 = Release|x64
		{16EBB961-78BE-48A3-B067-B0FA29A48EAF}.Release|x86.ActiveCfg = Release|Win32
		{16EBB961-78BE-48A3-B067-B0FA29A48EAF}.Release|x86.Build.0 = Release|Win32
		{EF352274-319E-4AC4-930C-56B9E71DCF19}.Debug|x64.ActiveCfg = Debug|x64
		{EF352274-319E-4AC4-930C-56B9E71DCF19}.Debug|x64.Build.0 = Debug|x64
		{EF352274-319E-4AC4-930C-56B9E71DCF19}.Debug|x86.ActiveCfg = Debug|Win32
		{EF352274-319E-4AC4-930C-56B9E71DCF19}.Debug|x86.Build.0 = Debug|Win32
		{EF352274-319E-4AC4-930C-56B9E71DCF19}.Release|x64.ActiveCfg = Release|x64
		{EF352274-319E-4AC4-930C-56B9E71DCF19}.Release|x64.Build.0 = Release|x64
		{EF352274-319E-4AC4-930C-56B9E71DCF19}.Release|x86.ActiveCfg = Release|Win32
		{EF352274-319E-4AC4-930C-56B9E71DCF19}.Release|x86.Build.0 = Release|Win32
		{D831FDC9-DC60-4185-B3AF-F02C8BFA9B9E}.Debug|x64.ActiveCfg = Debug|x64
		{D831FDC9-DC60-4185-B3AF-F02C8BFA9B9E}.Debug|x64.Build.0 = Debug|x64
		{D831FDC9-DC60-4185-B3AF-F02C8BFA9B9E}.Debug|x86.ActiveCfg = Debug|Win32
		{D831FDC9-DC60-4185-B3AF-F02C8BFA9B9E}.Debug|x86.Build.0 = Debug|Win32
		{D831FDC9-DC60-4185-B3AF-F02C8BFA9B9E}.Release|x64.ActiveCfg = Release|x64
		{D831FDC9-DC60-4185-B3AF-F02C8BFA9B9E}.Release|x64.Build.0 = Release|x64
		{D831FDC9-DC60-4185-B3AF-F02C8BFA9B9E}.Release|x86.ActiveCfg = Release|Win32
		{D831FDC9-DC60-4185-B3AF-F02C8BFA9B9E}.Release|x86.Build.0 = Release|Win32
		{1B041853-A295-4879-865C-10347E2386D8}.Debug|x64.ActiveCfg = Debug|x64
		{1B041853-A295-4879-865C-10347E2386D8}.Debug|x64.Build.0 = Debug|x64
		{1B041853-A295-4879-865C-10347E2386D8}.Debug|x86.ActiveCfg = Debug|Win32
		{1B041853-A295-4879-865C-10347E2386D8}.Debug|x86.Build.0 = Debug|Win32
		{1B041853-A295-4879-865C-10347E2386D8}.Release|x64.ActiveCfg = Release|x64
		{1B041853-A295-4879-865C-10347E2386D8}.Release|x64.Build.0 = Release|x64
		{1B041853-A295-4879-865C-10347E2386D8}.Release|x86.ActiveCfg = Release|Win32
		{1B041853-A295-4879-865C-10347E2386D8}.Release|x86.Build.0 = Release|Win32
		{51B02889-5B2E-4A73-A794-E4B2678FD647}.Debug|x64.ActiveCfg = Debug|x64
		{51B02889-5B2E-4A73-A794-E4B2678FD647}.Debug|x64.Build.0 = Debug|x64
		{51B02889-5B2E-4A73-A794-E4B2678FD647}.Debug|x86.ActiveCfg = Debug|Win32
		{51B02889-5B2E-4A73-A794-E4B2678FD647}.Debug|x86.Build.0 = Debug|Win32
		{51B02889-5B2E-4A73-A794-E4B2678FD647}.Release|x64.ActiveCfg = Release|x64
		{51B02889-5B2E-4A73-A794-E4B2678FD647}.Release|x64.Build.0 = Release|x64
		{51B02889-5B2E-4A73-A794-E4B2678FD647}.Release|x86.ActiveCfg = Release|Win32
		{51B02889-5B2E-4A73-A794-E4B2678FD647}.Release|x86.Build.0 = Release|Win32
		{344C894B-DDF4-4874-AAFE-B2E1492D3DC8}.Debug|x64.ActiveCfg = Debug|x64
		{344C894B-DDF4-4874-AAFE-B2E1492D3DC8}.Debug|x64.Build.0 = Debug|x64
		{344C894B-DDF4-4874-AAFE-B2E1492D3DC8}.Debug|x86.ActiveCfg = Debug|Win32
		{344C894B-DDF4-4874-AAFE-B2E1492D3DC8}.Debug|x86.Build.0 = Debug|Win32
		{344C894B-DDF4-4874-AAFE-B2E1492D3DC8}.Release|x64.ActiveCfg = Release|x64
		{344C894B-DDF4-4874-AAFE-B2E1492D3DC8}.Release|x64.Build.0 = Release|x64
		{344C894B-DDF4-4874-AAFE-B2E1492D3DC8}.Release|x86.ActiveCfg = Release|Win32
		{344C894B-DDF4-4874-AAFE-B2E1492D3DC8}.Release|x86.Build.0 = Release|Win32
		{9E84222D-C2D4-47AE-AD3A-8EF24C1E01AE}.Debug|x64.ActiveCfg = Debug|x64
		{9E84222D-C2D4-47AE-AD3A-8EF24C1E01AE}.Debug|x64.Build.0 = Debug|x64
		{9E84222D-C2D4-47AE-AD3A-8EF24C1E01AE}.Debug|x86.ActiveCfg = Debug|Win32
		{9E84222D-C2D4-47AE-AD3A-8EF24C1E01AE}.Debug|x86.Build.0 = Debug|Win32
		{9E84222D-C2D4-47AE-AD3A-8EF24C1E01AE}.Release|x64.ActiveCfg = Release|x64
		{9E84222D-C2D4-47AE-AD3A-8EF24C1E01AE}.Release|x64.Build.0 = Release|x64
		{9E84222D-C2D4-47AE-AD3A-8EF24C1E01AE}.Release|x86.ActiveCfg = Release|Win32
		{9E84222D-C2D4-47AE-AD3A-8EF24C1E01AE}.Release|x86.Build.0 = Release|Win32
		{7CDB3890-8606-4B78-A2E1-FE150A64CCC5}.Debug|x64.ActiveCfg = Debug|x64
		{7CDB3890-8606-4B78-A2E1-FE150A64CCC5}.Debug|x64.Build.0 = Debug|x64
		{7CDB3890-8606-4B78-A2E1-FE150A64CCC5}.Debug|x86.ActiveCfg = Debug|Win32
		{7CDB3890-8606-4B78-A2E1-FE150A64CCC5}.Debug|x86.Build.0 = Debug|Win32
		{7CDB3890-8606-4B78-A2E1-FE150A64CCC5}.Release|x64.ActiveCfg = Release|x64
		{7CDB3890-8606-4B78-A2E1-FE150A64CCC5}.Release|x64.Build.0 = Release|x64
		{7CDB3890-8606-4B78-A2E1-FE150A64CCC5}.Release|x86.ActiveCfg = Release|Win32
		{7CDB3890-8606-4B78-A2E1-FE150A64CCC5}.Release|x86.Build.0 = Release|Win32
		{51A47215-D52D-495A-B49F-BEED355F857C}.Debug|x64.ActiveCfg = Debug|x64
		{51A47215-D52D-495A-B49F-BEED355F857C}.Debug|x64.Build.0 = Debug|x64
		{51A47215-D52D-495A-B49F-BEED355F857C}.Debug|x86.ActiveCfg = Debug|Win32
		{51A47215-D52D-495A-B49F-BEED355F857C}.Debug|x86.Build.0 = Debug|Win32
		{51A47215-D52D-495A-B49F-BEED355F857C}.Release|x64.ActiveCfg = Release|x64
		{51A47215-D52D-495A-B49F-BEED355F857C}.Release|x64.Build.0 = Release|x64
		{51A47215-D52D-495A-B49F-BEED355F857C}.Release|x86.ActiveCfg = Release|Win32
		{51A47215-D52D-495A-B49F-BEED355F857C}.Release|x86.Build.0 = Release|Win32
		{E24A1073-812B-4812-A5F3-4BBE9BBEE986}.Debug|x64.ActiveCfg = Debug|x64
		{E24A1073-812B-4812-A5F3-4BBE9BBEE986}.Debug|x64.Build.0 = Debug|x64
		{E24A1073-812B-4812-A5F3-4BBE9BBEE986}.Debug|x86.ActiveCfg = Debug|Win32
		{E24A1073-812B-4812-A5F3-4BBE9BBEE986}.Debug|x86.Build.0 = Debug|Win32
		{E24A1073-812B-4812-A5F3-4BBE9BBEE986}.Release|x64.ActiveCfg = Release|x64
		{E24A1073-812B-4812-A5F3-4BBE9BBEE986}.Release|x64.Build.0 = Release|x64
		{E24A1073-812B-4812-A5F3-4BBE9BBEE986}.Release|x86.ActiveCfg = Release|Win32
		{E24A1073-812B-4812-A5F3-4BBE9BBEE986}.Release|x86.Build.0 = Release|Win32
	EndGlobalSection
	GlobalSection(SolutionProperties) = preSolution
		HideSolutionNode = FALSE
	EndGlobalSection
	GlobalSection(ExtensibilityGlobals) = postSolution
		SolutionGuid = {457232D4-0764-4985-A070-4D5558F3EBA5}
	EndGlobalSection
EndGlobal
